
Microsoft Visual Studio Solution File, Format Version 12.00
# Visual Studio Version 16
VisualStudioVersion = 16.0.30114.105
MinimumVisualStudioVersion = 10.0.40219.1
Project("{FAE04EC0-301F-11D3-BF4B-00C04F79EFBC}") = "testproject.models", "testproject.models\testproject.models.csproj", "{4F91977E-0126-4661-A0BC-7C4F8D7A5E38}"
EndProject
Project("{FAE04EC0-301F-11D3-BF4B-00C04F79EFBC}") = "testproject.api", "testproject.api\testproject.api.csproj", "{7BAB5384-FF5A-4E39-B89D-BF85A794D6B4}"
EndProject
Global
	GlobalSection(SolutionConfigurationPlatforms) = preSolution
		Debug|Any CPU = Debug|Any CPU
		Release|Any CPU = Release|Any CPU
	EndGlobalSection
	GlobalSection(SolutionProperties) = preSolution
		HideSolutionNode = FALSE
	EndGlobalSection
	GlobalSection(ProjectConfigurationPlatforms) = postSolution
		{4F91977E-0126-4661-A0BC-7C4F8D7A5E38}.Debug|Any CPU.ActiveCfg = Debug|Any CPU
		{4F91977E-0126-4661-A0BC-7C4F8D7A5E38}.Debug|Any CPU.Build.0 = Debug|Any CPU
		{4F91977E-0126-4661-A0BC-7C4F8D7A5E38}.Release|Any CPU.ActiveCfg = Release|Any CPU
		{4F91977E-0126-4661-A0BC-7C4F8D7A5E38}.Release|Any CPU.Build.0 = Release|Any CPU
		{7BAB5384-FF5A-4E39-B89D-BF85A794D6B4}.Debug|Any CPU.ActiveCfg = Debug|Any CPU
		{7BAB5384-FF5A-4E39-B89D-BF85A794D6B4}.Debug|Any CPU.Build.0 = Debug|Any CPU
		{7BAB5384-FF5A-4E39-B89D-BF85A794D6B4}.Release|Any CPU.ActiveCfg = Release|Any CPU
		{7BAB5384-FF5A-4E39-B89D-BF85A794D6B4}.Release|Any CPU.Build.0 = Release|Any CPU
	EndGlobalSection
EndGlobal
